
Microsoft Visual Studio Solution File, Format Version 12.00
# Visual Studio Version 17
VisualStudioVersion = 17.8.34511.84
MinimumVisualStudioVersion = 10.0.40219.1
Project("{FAE04EC0-301F-11D3-BF4B-00C04F79EFBC}") = "Whatsapp_web_back", "Whatsapp_web_back.csproj", "{980E7FFA-1BBE-46D3-A688-9BE20734EC97}"
EndProject
Global
	GlobalSection(SolutionConfigurationPlatforms) = preSolution
		Debug|Any CPU = Debug|Any CPU
		Release|Any CPU = Release|Any CPU
	EndGlobalSection
	GlobalSection(ProjectConfigurationPlatforms) = postSolution
		{980E7FFA-1BBE-46D3-A688-9BE20734EC97}.Debug|Any CPU.ActiveCfg = Debug|Any CPU
		{980E7FFA-1BBE-46D3-A688-9BE20734EC97}.Debug|Any CPU.Build.0 = Debug|Any CPU
		{980E7FFA-1BBE-46D3-A688-9BE20734EC97}.Release|Any CPU.ActiveCfg = Release|Any CPU
		{980E7FFA-1BBE-46D3-A688-9BE20734EC97}.Release|Any CPU.Build.0 = Release|Any CPU
	EndGlobalSection
	GlobalSection(SolutionProperties) = preSolution
		HideSolutionNode = FALSE
	EndGlobalSection
	GlobalSection(ExtensibilityGlobals) = postSolution
		SolutionGuid = {B8D3D515-C878-439A-A621-4D6A9A9F9D92}
	EndGlobalSection
EndGlobal
